# THIS IS AN AUTOGENERATED FILE. DO NOT EDIT THIS FILE DIRECTLY.
# yarn lockfile v1


"@octetstream/promisify@2.0.2":
  version "2.0.2"
  resolved "https://registry.yarnpkg.com/@octetstream/promisify/-/promisify-2.0.2.tgz#29ac3bd7aefba646db670227f895d812c1a19615"
  integrity sha512-7XHoRB61hxsz8lBQrjC1tq/3OEIgpvGWg6DKAdwi7WRzruwkmsdwmOoUXbU4Dtd4RSOMDwed0SkP3y8UlMt1Bg==

"@types/node@*", "@types/node@^14.11.10":
  version "14.14.5"
  resolved "https://registry.yarnpkg.com/@types/node/-/node-14.14.5.tgz#e92d3b8f76583efa26c1a63a21c9d3c1143daa29"
  integrity sha512-H5Wn24s/ZOukBmDn03nnGTp18A60ny9AmCwnEcgJiTgSGsCO7k+NWP7zjCCbhlcnVCoI+co52dUAt9GMhOSULw==

"@types/promise-fs@^2.1.1":
  version "2.1.1"
  resolved "https://registry.yarnpkg.com/@types/promise-fs/-/promise-fs-2.1.1.tgz#1fefda5b08e88d91140b5e468abdfda1a9d325dd"
  integrity sha512-xplUD6hbDewmlcLBjpcxY/IrdCYmMgWgsG41CMV637ZJH1iapZg8aI0m/DxL1quljWACl5bPqq0xvpsx9/RPTQ==
  dependencies:
    "@types/node" "*"

inherits@2.0.3:
  version "2.0.3"
  resolved "https://registry.yarnpkg.com/inherits/-/inherits-2.0.3.tgz#633c2c83e3da42a502f52466022480f4208261de"
  integrity sha1-Yzwsg+PaQqUC9SRmAiSA9CCCYd4=

os@^0.1.1:
  version "0.1.1"
  resolved "https://registry.yarnpkg.com/os/-/os-0.1.1.tgz#208845e89e193ad4d971474b93947736a56d13f3"
  integrity sha1-IIhF6J4ZOtTZcUdLk5R3NqVtE/M=

path@^0.12.7:
  version "0.12.7"
  resolved "https://registry.yarnpkg.com/path/-/path-0.12.7.tgz#d4dc2a506c4ce2197eb481ebfcd5b36c0140b10f"
  integrity sha1-1NwqUGxM4hl+tIHr/NWzbAFAsQ8=
  dependencies:
    process "^0.11.1"
    util "^0.10.3"

process@^0.11.1:
  version "0.11.10"
  resolved "https://registry.yarnpkg.com/process/-/process-0.11.10.tgz#7332300e840161bda3e69a1d1d91a7d4bc16f182"
  integrity sha1-czIwDoQBYb2j5podHZGn1LwW8YI=

promise-fs@^2.1.1:
  version "2.1.1"
  resolved "https://registry.yarnpkg.com/promise-fs/-/promise-fs-2.1.1.tgz#0b725a592c165ff16157d1f13640ba390637e557"
  integrity sha512-43p7e4QzAQ3w6eyN0+gbBL7jXiZFWLWYITg9wIObqkBySu/a5K1EDcQ/S6UyB/bmiZWDA4NjTbcopKLTaKcGSw==
  dependencies:
    "@octetstream/promisify" "2.0.2"

typescript@^3.8.3:
  version "3.9.7"
  resolved "https://registry.yarnpkg.com/typescript/-/typescript-3.9.7.tgz#98d600a5ebdc38f40cb277522f12dc800e9e25fa"
  integrity sha512-BLbiRkiBzAwsjut4x/dsibSTB6yWpwT5qWmC2OfuCg3GgVQCSgMs4vEctYPhsaGtd0AeuuHMkjZ2h2WG8MSzRw==

util@^0.10.3:
  version "0.10.4"
  resolved "https://registry.yarnpkg.com/util/-/util-0.10.4.tgz#3aa0125bfe668a4672de58857d3ace27ecb76901"
  integrity sha512-0Pm9hTQ3se5ll1XihRic3FDIku70C+iHUdT/W926rSgHV5QgXsYbKZN8MSC3tJtSkhuROzvsQjAaFENRXr+19A==
  dependencies:
    inherits "2.0.3"
